
Microsoft Visual Studio Solution File, Format Version 12.00
# Visual Studio Version 17
VisualStudioVersion = 17.7.34003.232
MinimumVisualStudioVersion = 10.0.40219.1
Project("{FAE04EC0-301F-11D3-BF4B-00C04F79EFBC}") = "PatternMatching", "PatternMatching\PatternMatching.csproj", "{329DC824-14E5-4E0B-8D44-D3A27A0D039D}"
EndProject
Project("{FAE04EC0-301F-11D3-BF4B-00C04F79EFBC}") = "ClassLibrary1", "ClassLibrary1\ClassLibrary1.csproj", "{893810F9-4454-47A8-8ED9-BDFB4999464A}"
EndProject
Global
	GlobalSection(SolutionConfigurationPlatforms) = preSolution
		Debug|Any CPU = Debug|Any CPU
		Release|Any CPU = Release|Any CPU
	EndGlobalSection
	GlobalSection(ProjectConfigurationPlatforms) = postSolution
		{329DC824-14E5-4E0B-8D44-D3A27A0D039D}.Debug|Any CPU.ActiveCfg = Debug|Any CPU
		{329DC824-14E5-4E0B-8D44-D3A27A0D039D}.Debug|Any CPU.Build.0 = Debug|Any CPU
		{329DC824-14E5-4E0B-8D44-D3A27A0D039D}.Release|Any CPU.ActiveCfg = Release|Any CPU
		{329DC824-14E5-4E0B-8D44-D3A27A0D039D}.Release|Any CPU.Build.0 = Release|Any CPU
		{893810F9-4454-47A8-8ED9-BDFB4999464A}.Debug|Any CPU.ActiveCfg = Debug|Any CPU
		{893810F9-4454-47A8-8ED9-BDFB4999464A}.Debug|Any CPU.Build.0 = Debug|Any CPU
		{893810F9-4454-47A8-8ED9-BDFB4999464A}.Release|Any CPU.ActiveCfg = Release|Any CPU
		{893810F9-4454-47A8-8ED9-BDFB4999464A}.Release|Any CPU.Build.0 = Release|Any CPU
	EndGlobalSection
	GlobalSection(SolutionProperties) = preSolution
		HideSolutionNode = FALSE
	EndGlobalSection
	GlobalSection(ExtensibilityGlobals) = postSolution
		SolutionGuid = {4812E88C-3591-4544-8B61-14F1B55B5F04}
	EndGlobalSection
EndGlobal
